
Microsoft Visual Studio Solution File, Format Version 12.00
# Visual Studio 15
VisualStudioVersion = 15.0.28010.2041
MinimumVisualStudioVersion = 10.0.40219.1
Project("{FAE04EC0-301F-11D3-BF4B-00C04F79EFBC}") = "Checkout.API", "Checkout.API\Checkout.API.csproj", "{518BB280-9D2F-4A41-B62C-5E247482E054}"
EndProject
Project("{FAE04EC0-301F-11D3-BF4B-00C04F79EFBC}") = "Checkout.API.UnitTests", "Checkout.API.UnitTests\Checkout.API.UnitTests.csproj", "{31DBE39F-95F5-4010-A065-E76B937090E2}"
EndProject
Project("{FAE04EC0-301F-11D3-BF4B-00C04F79EFBC}") = "Checkout.MockBankAPI", "Checkout.MockBankAPI\Checkout.MockBankAPI.csproj", "{023A65A9-0368-4705-BB21-93D7127DE7E1}"
EndProject
Project("{FAE04EC0-301F-11D3-BF4B-00C04F79EFBC}") = "Checkout.Shared", "Checkout.Shared\Checkout.Shared.csproj", "{3CFC0745-C48B-48AC-AD7C-B583FC3A5670}"
EndProject
Project("{00D1A9C2-B5F0-4AF3-8072-F6C62B433612}") = "Database", "Database\Database.sqlproj", "{CC4551CE-D207-42A9-93C1-20008F3D1C63}"
EndProject
Global
	GlobalSection(SolutionConfigurationPlatforms) = preSolution
		Debug|Any CPU = Debug|Any CPU
		Release|Any CPU = Release|Any CPU
	EndGlobalSection
	GlobalSection(ProjectConfigurationPlatforms) = postSolution
		{518BB280-9D2F-4A41-B62C-5E247482E054}.Debug|Any CPU.ActiveCfg = Debug|Any CPU
		{518BB280-9D2F-4A41-B62C-5E247482E054}.Debug|Any CPU.Build.0 = Debug|Any CPU
		{518BB280-9D2F-4A41-B62C-5E247482E054}.Release|Any CPU.ActiveCfg = Release|Any CPU
		{518BB280-9D2F-4A41-B62C-5E247482E054}.Release|Any CPU.Build.0 = Release|Any CPU
		{31DBE39F-95F5-4010-A065-E76B937090E2}.Debug|Any CPU.ActiveCfg = Debug|Any CPU
		{31DBE39F-95F5-4010-A065-E76B937090E2}.Debug|Any CPU.Build.0 = Debug|Any CPU
		{31DBE39F-95F5-4010-A065-E76B937090E2}.Release|Any CPU.ActiveCfg = Release|Any CPU
		{31DBE39F-95F5-4010-A065-E76B937090E2}.Release|Any CPU.Build.0 = Release|Any CPU
		{023A65A9-0368-4705-BB21-93D7127DE7E1}.Debug|Any CPU.ActiveCfg = Debug|Any CPU
		{023A65A9-0368-4705-BB21-93D7127DE7E1}.Debug|Any CPU.Build.0 = Debug|Any CPU
		{023A65A9-0368-4705-BB21-93D7127DE7E1}.Release|Any CPU.ActiveCfg = Release|Any CPU
		{023A65A9-0368-4705-BB21-93D7127DE7E1}.Release|Any CPU.Build.0 = Release|Any CPU
		{3CFC0745-C48B-48AC-AD7C-B583FC3A5670}.Debug|Any CPU.ActiveCfg = Debug|Any CPU
		{3CFC0745-C48B-48AC-AD7C-B583FC3A5670}.Debug|Any CPU.Build.0 = Debug|Any CPU
		{3CFC0745-C48B-48AC-AD7C-B583FC3A5670}.Release|Any CPU.ActiveCfg = Release|Any CPU
		{3CFC0745-C48B-48AC-AD7C-B583FC3A5670}.Release|Any CPU.Build.0 = Release|Any CPU
		{CC4551CE-D207-42A9-93C1-20008F3D1C63}.Debug|Any CPU.ActiveCfg = Debug|Any CPU
		{CC4551CE-D207-42A9-93C1-20008F3D1C63}.Debug|Any CPU.Build.0 = Debug|Any CPU
		{CC4551CE-D207-42A9-93C1-20008F3D1C63}.Debug|Any CPU.Deploy.0 = Debug|Any CPU
		{CC4551CE-D207-42A9-93C1-20008F3D1C63}.Release|Any CPU.ActiveCfg = Release|Any CPU
		{CC4551CE-D207-42A9-93C1-20008F3D1C63}.Release|Any CPU.Build.0 = Release|Any CPU
		{CC4551CE-D207-42A9-93C1-20008F3D1C63}.Release|Any CPU.Deploy.0 = Release|Any CPU
	EndGlobalSection
	GlobalSection(SolutionProperties) = preSolution
		HideSolutionNode = FALSE
	EndGlobalSection
	GlobalSection(ExtensibilityGlobals) = postSolution
		SolutionGuid = {DC5C478D-26A3-4042-B2FC-F876988A77D0}
	EndGlobalSection
EndGlobal
